// !$*UTF8*$!
{
	archiveVersion = 1;
	classes = {
	};
	objectVersion = 51;
	objects = {

/* Begin PBXBuildFile section */
		3838763244548BA32F475CC1 /* Pods_BiqugeViewer.framework in Frameworks */ = {isa = PBXBuildFile; fileRef = 64643B47B6E50095CFDEC7A8 /* Pods_BiqugeViewer.framework */; };
		A6001895263021A5004CA630 /* Theme.swift in Sources */ = {isa = PBXBuildFile; fileRef = A6001894263021A5004CA630 /* Theme.swift */; };
		A600189826302D96004CA630 /* DefaultsProperty.swift in Sources */ = {isa = PBXBuildFile; fileRef = A600189726302D96004CA630 /* DefaultsProperty.swift */; };
		A600189B26303D7E004CA630 /* NavigationController.swift in Sources */ = {isa = PBXBuildFile; fileRef = A600189A26303D7E004CA630 /* NavigationController.swift */; };
		A600189F26303E03004CA630 /* ThemeManager.swift in Sources */ = {isa = PBXBuildFile; fileRef = A600189E26303E03004CA630 /* ThemeManager.swift */; };
		A60018A2263040C5004CA630 /* LoadingFooterView.swift in Sources */ = {isa = PBXBuildFile; fileRef = A60018A1263040C5004CA630 /* LoadingFooterView.swift */; };
		A60803FB26326AD9005D91FB /* BookInfoView.swift in Sources */ = {isa = PBXBuildFile; fileRef = A60803FA26326AD9005D91FB /* BookInfoView.swift */; };
		A60804082632A601005D91FB /* ChapterPageViewController.swift in Sources */ = {isa = PBXBuildFile; fileRef = A60804072632A601005D91FB /* ChapterPageViewController.swift */; };
		A608040B2632A645005D91FB /* PresentationAnimator.swift in Sources */ = {isa = PBXBuildFile; fileRef = A608040A2632A645005D91FB /* PresentationAnimator.swift */; };
		A608040E2632ADB9005D91FB /* HomeViewController.swift in Sources */ = {isa = PBXBuildFile; fileRef = A608040D2632ADB9005D91FB /* HomeViewController.swift */; };
		A60804112632AF5D005D91FB /* HomeTabBar.swift in Sources */ = {isa = PBXBuildFile; fileRef = A60804102632AF5D005D91FB /* HomeTabBar.swift */; };
		A60804492632C143005D91FB /* BookrackViewController.swift in Sources */ = {isa = PBXBuildFile; fileRef = A60804482632C143005D91FB /* BookrackViewController.swift */; };
		A61200BB2632CE8E000A351A /* BookItemCell.swift in Sources */ = {isa = PBXBuildFile; fileRef = A61200BA2632CE8E000A351A /* BookItemCell.swift */; };
		A61200BE2632D218000A351A /* RecommendViewController.swift in Sources */ = {isa = PBXBuildFile; fileRef = A61200BD2632D218000A351A /* RecommendViewController.swift */; };
		A61200C12632D22C000A351A /* SearchViewController.swift in Sources */ = {isa = PBXBuildFile; fileRef = A61200C02632D22C000A351A /* SearchViewController.swift */; };
		A61200C42632EA3A000A351A /* ViewReusable.swift in Sources */ = {isa = PBXBuildFile; fileRef = A61200C32632EA3A000A351A /* ViewReusable.swift */; };
		A61200C72632F1FD000A351A /* HomeRecommendCell.swift in Sources */ = {isa = PBXBuildFile; fileRef = A61200C62632F1FD000A351A /* HomeRecommendCell.swift */; };
		A614AD2F262EF8A900AB9725 /* Network.swift in Sources */ = {isa = PBXBuildFile; fileRef = A614AD2E262EF8A900AB9725 /* Network.swift */; };
		A6661AA0262EF68900311FDD /* AppDelegate.swift in Sources */ = {isa = PBXBuildFile; fileRef = A6661A9F262EF68900311FDD /* AppDelegate.swift */; };
		A6661AA4262EF68900311FDD /* BookViewController.swift in Sources */ = {isa = PBXBuildFile; fileRef = A6661AA3262EF68900311FDD /* BookViewController.swift */; };
		A6661AA7262EF68900311FDD /* Main.storyboard in Resources */ = {isa = PBXBuildFile; fileRef = A6661AA5262EF68900311FDD /* Main.storyboard */; };
		A6661AA9262EF68A00311FDD /* Assets.xcassets in Resources */ = {isa = PBXBuildFile; fileRef = A6661AA8262EF68A00311FDD /* Assets.xcassets */; };
		A6661AAC262EF68A00311FDD /* LaunchScreen.storyboard in Resources */ = {isa = PBXBuildFile; fileRef = A6661AAA262EF68A00311FDD /* LaunchScreen.storyboard */; };
		A69599C92633FA240092ED55 /* Model.xcdatamodeld in Sources */ = {isa = PBXBuildFile; fileRef = A69599C72633FA240092ED55 /* Model.xcdatamodeld */; };
		A69599CF2633FAD90092ED55 /* DBUtil.swift in Sources */ = {isa = PBXBuildFile; fileRef = A69599CE2633FAD90092ED55 /* DBUtil.swift */; };
		A6D5C990262EF8F4004BC7C1 /* Book.swift in Sources */ = {isa = PBXBuildFile; fileRef = A6D5C98F262EF8F4004BC7C1 /* Book.swift */; };
		A6D5C997262F00C1004BC7C1 /* BookContentCell.swift in Sources */ = {isa = PBXBuildFile; fileRef = A6D5C996262F00C1004BC7C1 /* BookContentCell.swift */; };
		A6D5C9A2262FEB2F004BC7C1 /* ChapterListViewController.swift in Sources */ = {isa = PBXBuildFile; fileRef = A6D5C9A1262FEB2F004BC7C1 /* ChapterListViewController.swift */; };
		A6D5C9A9262FFC9B004BC7C1 /* ChapterChapterCell.swift in Sources */ = {isa = PBXBuildFile; fileRef = A6D5C9A8262FFC9B004BC7C1 /* ChapterChapterCell.swift */; };
		A6D5C9AD262FFD20004BC7C1 /* Color.swift in Sources */ = {isa = PBXBuildFile; fileRef = A6D5C9AC262FFD20004BC7C1 /* Color.swift */; };
		A6DCD5C8263117FD00C7A9F3 /* NovelManager.swift in Sources */ = {isa = PBXBuildFile; fileRef = A6DCD5C7263117FD00C7A9F3 /* NovelManager.swift */; };
		A6DCD5CB2631205E00C7A9F3 /* BookSettingView.swift in Sources */ = {isa = PBXBuildFile; fileRef = A6DCD5CA2631205E00C7A9F3 /* BookSettingView.swift */; };
		A6DCD5D026312C3B00C7A9F3 /* BookNavigationBar.swift in Sources */ = {isa = PBXBuildFile; fileRef = A6DCD5CF26312C3B00C7A9F3 /* BookNavigationBar.swift */; };
		A6EF349E263AD2E100A1BC01 /* Biquge.swift in Sources */ = {isa = PBXBuildFile; fileRef = A6EF349D263AD2E100A1BC01 /* Biquge.swift */; };
		A6EF34A0263AD30900A1BC01 /* CangShuWang.swift in Sources */ = {isa = PBXBuildFile; fileRef = A6EF349F263AD30900A1BC01 /* CangShuWang.swift */; };
		A6EF34A3263BDF5800A1BC01 /* ModelV1_V2.xcmappingmodel in Sources */ = {isa = PBXBuildFile; fileRef = A6EF34A2263BDF5800A1BC01 /* ModelV1_V2.xcmappingmodel */; };
		A6FA117C2634195E00675D5C /* SearchResultCell.swift in Sources */ = {isa = PBXBuildFile; fileRef = A6FA117B2634195E00675D5C /* SearchResultCell.swift */; };
/* End PBXBuildFile section */

/* Begin PBXFileReference section */
		49C733944128DA67AC955AAE /* Pods-BiqugeViewer.debug.xcconfig */ = {isa = PBXFileReference; includeInIndex = 1; lastKnownFileType = text.xcconfig; name = "Pods-BiqugeViewer.debug.xcconfig"; path = "Target Support Files/Pods-BiqugeViewer/Pods-BiqugeViewer.debug.xcconfig"; sourceTree = "<group>"; };
		64643B47B6E50095CFDEC7A8 /* Pods_BiqugeViewer.framework */ = {isa = PBXFileReference; explicitFileType = wrapper.framework; includeInIndex = 0; path = Pods_BiqugeViewer.framework; sourceTree = BUILT_PRODUCTS_DIR; };
		A6001894263021A5004CA630 /* Theme.swift */ = {isa = PBXFileReference; lastKnownFileType = sourcecode.swift; path = Theme.swift; sourceTree = "<group>"; };
		A600189726302D96004CA630 /* DefaultsProperty.swift */ = {isa = PBXFileReference; lastKnownFileType = sourcecode.swift; path = DefaultsProperty.swift; sourceTree = "<group>"; };
		A600189A26303D7E004CA630 /* NavigationController.swift */ = {isa = PBXFileReference; lastKnownFileType = sourcecode.swift; path = NavigationController.swift; sourceTree = "<group>"; };
		A600189E26303E03004CA630 /* ThemeManager.swift */ = {isa = PBXFileReference; lastKnownFileType = sourcecode.swift; path = ThemeManager.swift; sourceTree = "<group>"; };
		A60018A1263040C5004CA630 /* LoadingFooterView.swift */ = {isa = PBXFileReference; lastKnownFileType = sourcecode.swift; path = LoadingFooterView.swift; sourceTree = "<group>"; };
		A60803FA26326AD9005D91FB /* BookInfoView.swift */ = {isa = PBXFileReference; lastKnownFileType = sourcecode.swift; path = BookInfoView.swift; sourceTree = "<group>"; };
		A60804072632A601005D91FB /* ChapterPageViewController.swift */ = {isa = PBXFileReference; lastKnownFileType = sourcecode.swift; path = ChapterPageViewController.swift; sourceTree = "<group>"; };
		A608040A2632A645005D91FB /* PresentationAnimator.swift */ = {isa = PBXFileReference; lastKnownFileType = sourcecode.swift; path = PresentationAnimator.swift; sourceTree = "<group>"; };
		A608040D2632ADB9005D91FB /* HomeViewController.swift */ = {isa = PBXFileReference; lastKnownFileType = sourcecode.swift; path = HomeViewController.swift; sourceTree = "<group>"; };
		A60804102632AF5D005D91FB /* HomeTabBar.swift */ = {isa = PBXFileReference; lastKnownFileType = sourcecode.swift; path = HomeTabBar.swift; sourceTree = "<group>"; };
		A60804482632C143005D91FB /* BookrackViewController.swift */ = {isa = PBXFileReference; lastKnownFileType = sourcecode.swift; path = BookrackViewController.swift; sourceTree = "<group>"; };
		A61200BA2632CE8E000A351A /* BookItemCell.swift */ = {isa = PBXFileReference; lastKnownFileType = sourcecode.swift; path = BookItemCell.swift; sourceTree = "<group>"; };
		A61200BD2632D218000A351A /* RecommendViewController.swift */ = {isa = PBXFileReference; lastKnownFileType = sourcecode.swift; path = RecommendViewController.swift; sourceTree = "<group>"; };
		A61200C02632D22C000A351A /* SearchViewController.swift */ = {isa = PBXFileReference; lastKnownFileType = sourcecode.swift; path = SearchViewController.swift; sourceTree = "<group>"; };
		A61200C32632EA3A000A351A /* ViewReusable.swift */ = {isa = PBXFileReference; lastKnownFileType = sourcecode.swift; path = ViewReusable.swift; sourceTree = "<group>"; };
		A61200C62632F1FD000A351A /* HomeRecommendCell.swift */ = {isa = PBXFileReference; lastKnownFileType = sourcecode.swift; path = HomeRecommendCell.swift; sourceTree = "<group>"; };
		A614AD2E262EF8A900AB9725 /* Network.swift */ = {isa = PBXFileReference; lastKnownFileType = sourcecode.swift; path = Network.swift; sourceTree = "<group>"; };
		A6661A9C262EF68800311FDD /* BiqugeViewer.app */ = {isa = PBXFileReference; explicitFileType = wrapper.application; includeInIndex = 0; path = BiqugeViewer.app; sourceTree = BUILT_PRODUCTS_DIR; };
		A6661A9F262EF68900311FDD /* AppDelegate.swift */ = {isa = PBXFileReference; lastKnownFileType = sourcecode.swift; path = AppDelegate.swift; sourceTree = "<group>"; };
		A6661AA3262EF68900311FDD /* BookViewController.swift */ = {isa = PBXFileReference; lastKnownFileType = sourcecode.swift; path = BookViewController.swift; sourceTree = "<group>"; };
		A6661AA6262EF68900311FDD /* Base */ = {isa = PBXFileReference; lastKnownFileType = file.storyboard; name = Base; path = Base.lproj/Main.storyboard; sourceTree = "<group>"; };
		A6661AA8262EF68A00311FDD /* Assets.xcassets */ = {isa = PBXFileReference; lastKnownFileType = folder.assetcatalog; path = Assets.xcassets; sourceTree = "<group>"; };
		A6661AAB262EF68A00311FDD /* Base */ = {isa = PBXFileReference; lastKnownFileType = file.storyboard; name = Base; path = Base.lproj/LaunchScreen.storyboard; sourceTree = "<group>"; };
		A6661AAD262EF68A00311FDD /* Info.plist */ = {isa = PBXFileReference; lastKnownFileType = text.plist.xml; path = Info.plist; sourceTree = "<group>"; };
		A69599C82633FA240092ED55 /* Model.xcdatamodel */ = {isa = PBXFileReference; lastKnownFileType = wrapper.xcdatamodel; path = Model.xcdatamodel; sourceTree = "<group>"; };
		A69599CE2633FAD90092ED55 /* DBUtil.swift */ = {isa = PBXFileReference; lastKnownFileType = sourcecode.swift; path = DBUtil.swift; sourceTree = "<group>"; };
		A6D5C98F262EF8F4004BC7C1 /* Book.swift */ = {isa = PBXFileReference; lastKnownFileType = sourcecode.swift; path = Book.swift; sourceTree = "<group>"; };
		A6D5C996262F00C1004BC7C1 /* BookContentCell.swift */ = {isa = PBXFileReference; lastKnownFileType = sourcecode.swift; path = BookContentCell.swift; sourceTree = "<group>"; };
		A6D5C9A1262FEB2F004BC7C1 /* ChapterListViewController.swift */ = {isa = PBXFileReference; lastKnownFileType = sourcecode.swift; path = ChapterListViewController.swift; sourceTree = "<group>"; };
		A6D5C9A8262FFC9B004BC7C1 /* ChapterChapterCell.swift */ = {isa = PBXFileReference; lastKnownFileType = sourcecode.swift; path = ChapterChapterCell.swift; sourceTree = "<group>"; };
		A6D5C9AC262FFD20004BC7C1 /* Color.swift */ = {isa = PBXFileReference; lastKnownFileType = sourcecode.swift; path = Color.swift; sourceTree = "<group>"; };
		A6DCD5C7263117FD00C7A9F3 /* NovelManager.swift */ = {isa = PBXFileReference; lastKnownFileType = sourcecode.swift; path = NovelManager.swift; sourceTree = "<group>"; };
		A6DCD5CA2631205E00C7A9F3 /* BookSettingView.swift */ = {isa = PBXFileReference; lastKnownFileType = sourcecode.swift; path = BookSettingView.swift; sourceTree = "<group>"; };
		A6DCD5CF26312C3B00C7A9F3 /* BookNavigationBar.swift */ = {isa = PBXFileReference; lastKnownFileType = sourcecode.swift; path = BookNavigationBar.swift; sourceTree = "<group>"; };
		A6EF349D263AD2E100A1BC01 /* Biquge.swift */ = {isa = PBXFileReference; lastKnownFileType = sourcecode.swift; path = Biquge.swift; sourceTree = "<group>"; };
		A6EF349F263AD30900A1BC01 /* CangShuWang.swift */ = {isa = PBXFileReference; lastKnownFileType = sourcecode.swift; path = CangShuWang.swift; sourceTree = "<group>"; };
		A6EF34A1263BDEDE00A1BC01 /* Model 2.xcdatamodel */ = {isa = PBXFileReference; lastKnownFileType = wrapper.xcdatamodel; path = "Model 2.xcdatamodel"; sourceTree = "<group>"; };
		A6EF34A2263BDF5800A1BC01 /* ModelV1_V2.xcmappingmodel */ = {isa = PBXFileReference; lastKnownFileType = wrapper.xcmappingmodel; path = ModelV1_V2.xcmappingmodel; sourceTree = "<group>"; };
		A6FA117B2634195E00675D5C /* SearchResultCell.swift */ = {isa = PBXFileReference; lastKnownFileType = sourcecode.swift; path = SearchResultCell.swift; sourceTree = "<group>"; };
		BFA0FACA4A1476FAF4F018BC /* Pods-BiqugeViewer.release.xcconfig */ = {isa = PBXFileReference; includeInIndex = 1; lastKnownFileType = text.xcconfig; name = "Pods-BiqugeViewer.release.xcconfig"; path = "Target Support Files/Pods-BiqugeViewer/Pods-BiqugeViewer.release.xcconfig"; sourceTree = "<group>"; };
/* End PBXFileReference section */

/* Begin PBXFrameworksBuildPhase section */
		A6661A99262EF68800311FDD /* Frameworks */ = {
			isa = PBXFrameworksBuildPhase;
			buildActionMask = 2147483647;
			files = (
				3838763244548BA32F475CC1 /* Pods_BiqugeViewer.framework in Frameworks */,
			);
			runOnlyForDeploymentPostprocessing = 0;
		};
/* End PBXFrameworksBuildPhase section */

/* Begin PBXGroup section */
		4AC287FFA83EE5D82160FFFD /* Frameworks */ = {
			isa = PBXGroup;
			children = (
				64643B47B6E50095CFDEC7A8 /* Pods_BiqugeViewer.framework */,
			);
			name = Frameworks;
			sourceTree = "<group>";
		};
		650583A56F2B3127F2D98D35 /* Pods */ = {
			isa = PBXGroup;
			children = (
				49C733944128DA67AC955AAE /* Pods-BiqugeViewer.debug.xcconfig */,
				BFA0FACA4A1476FAF4F018BC /* Pods-BiqugeViewer.release.xcconfig */,
			);
			path = Pods;
			sourceTree = "<group>";
		};
		A6661A93262EF68800311FDD = {
			isa = PBXGroup;
			children = (
				A6661A9E262EF68800311FDD /* BiqugeViewer */,
				A6661A9D262EF68800311FDD /* Products */,
				650583A56F2B3127F2D98D35 /* Pods */,
				4AC287FFA83EE5D82160FFFD /* Frameworks */,
			);
			sourceTree = "<group>";
		};
		A6661A9D262EF68800311FDD /* Products */ = {
			isa = PBXGroup;
			children = (
				A6661A9C262EF68800311FDD /* BiqugeViewer.app */,
			);
			name = Products;
			sourceTree = "<group>";
		};
		A6661A9E262EF68800311FDD /* BiqugeViewer */ = {
			isa = PBXGroup;
			children = (
				A6661A9F262EF68900311FDD /* AppDelegate.swift */,
				A6661ABA262EF7E000311FDD /* Controller */,
				A6661ABB262EF7ED00311FDD /* Model */,
				A6661ABC262EF7F100311FDD /* View */,
				A6D5C9AB262FFCFC004BC7C1 /* Extension */,
				A6661AA5262EF68900311FDD /* Main.storyboard */,
				A6661AA8262EF68A00311FDD /* Assets.xcassets */,
				A6661AAA262EF68A00311FDD /* LaunchScreen.storyboard */,
				A6661AAD262EF68A00311FDD /* Info.plist */,
			);
			path = BiqugeViewer;
			sourceTree = "<group>";
		};
		A6661ABA262EF7E000311FDD /* Controller */ = {
			isa = PBXGroup;
			children = (
				A600189A26303D7E004CA630 /* NavigationController.swift */,
				A608040D2632ADB9005D91FB /* HomeViewController.swift */,
				A60804482632C143005D91FB /* BookrackViewController.swift */,
				A61200BD2632D218000A351A /* RecommendViewController.swift */,
				A61200C02632D22C000A351A /* SearchViewController.swift */,
				A6D5C9A1262FEB2F004BC7C1 /* ChapterListViewController.swift */,
				A60804072632A601005D91FB /* ChapterPageViewController.swift */,
				A6661AA3262EF68900311FDD /* BookViewController.swift */,
			);
			path = Controller;
			sourceTree = "<group>";
		};
		A6661ABB262EF7ED00311FDD /* Model */ = {
			isa = PBXGroup;
			children = (
				A614AD2E262EF8A900AB9725 /* Network.swift */,
				A6EF349D263AD2E100A1BC01 /* Biquge.swift */,
				A6EF349F263AD30900A1BC01 /* CangShuWang.swift */,
				A6D5C98F262EF8F4004BC7C1 /* Book.swift */,
				A6DCD5C7263117FD00C7A9F3 /* NovelManager.swift */,
				A6001894263021A5004CA630 /* Theme.swift */,
				A600189E26303E03004CA630 /* ThemeManager.swift */,
				A6EF34A2263BDF5800A1BC01 /* ModelV1_V2.xcmappingmodel */,
				A69599C72633FA240092ED55 /* Model.xcdatamodeld */,
			);
			path = Model;
			sourceTree = "<group>";
		};
		A6661ABC262EF7F100311FDD /* View */ = {
			isa = PBXGroup;
			children = (
				A60804102632AF5D005D91FB /* HomeTabBar.swift */,
				A61200BA2632CE8E000A351A /* BookItemCell.swift */,
				A61200C62632F1FD000A351A /* HomeRecommendCell.swift */,
				A6FA117B2634195E00675D5C /* SearchResultCell.swift */,
				A60803FA26326AD9005D91FB /* BookInfoView.swift */,
				A6DCD5CF26312C3B00C7A9F3 /* BookNavigationBar.swift */,
				A6DCD5CA2631205E00C7A9F3 /* BookSettingView.swift */,
				A6D5C9A8262FFC9B004BC7C1 /* ChapterChapterCell.swift */,
				A60018A1263040C5004CA630 /* LoadingFooterView.swift */,
				A6D5C996262F00C1004BC7C1 /* BookContentCell.swift */,
			);
			path = View;
			sourceTree = "<group>";
		};
		A6D5C9AB262FFCFC004BC7C1 /* Extension */ = {
			isa = PBXGroup;
			children = (
				A6D5C9AC262FFD20004BC7C1 /* Color.swift */,
				A600189726302D96004CA630 /* DefaultsProperty.swift */,
				A69599CE2633FAD90092ED55 /* DBUtil.swift */,
				A608040A2632A645005D91FB /* PresentationAnimator.swift */,
				A61200C32632EA3A000A351A /* ViewReusable.swift */,
			);
			path = Extension;
			sourceTree = "<group>";
		};
/* End PBXGroup section */

/* Begin PBXNativeTarget section */
		A6661A9B262EF68800311FDD /* BiqugeViewer */ = {
			isa = PBXNativeTarget;
			buildConfigurationList = A6661AB0262EF68A00311FDD /* Build configuration list for PBXNativeTarget "BiqugeViewer" */;
			buildPhases = (
				0ABCDFD39414F265B3213507 /* [CP] Check Pods Manifest.lock */,
				A6661A98262EF68800311FDD /* Sources */,
				A60803FF26326C58005D91FB /* Update Build Number */,
				A6661A99262EF68800311FDD /* Frameworks */,
				A6661A9A262EF68800311FDD /* Resources */,
				6025D403A77C383DED0907C9 /* [CP] Embed Pods Frameworks */,
			);
			buildRules = (
			);
			dependencies = (
			);
			name = BiqugeViewer;
			productName = BiqugeViewer;
			productReference = A6661A9C262EF68800311FDD /* BiqugeViewer.app */;
			productType = "com.apple.product-type.application";
		};
/* End PBXNativeTarget section */

/* Begin PBXProject section */
		A6661A94262EF68800311FDD /* Project object */ = {
			isa = PBXProject;
			attributes = {
				LastSwiftUpdateCheck = 1240;
				LastUpgradeCheck = 1240;
				TargetAttributes = {
					A6661A9B262EF68800311FDD = {
						CreatedOnToolsVersion = 12.4;
					};
				};
			};
			buildConfigurationList = A6661A97262EF68800311FDD /* Build configuration list for PBXProject "BiqugeViewer" */;
			compatibilityVersion = "Xcode 9.3";
			developmentRegion = en;
			hasScannedForEncodings = 0;
			knownRegions = (
				en,
				Base,
			);
			mainGroup = A6661A93262EF68800311FDD;
			productRefGroup = A6661A9D262EF68800311FDD /* Products */;
			projectDirPath = "";
			projectRoot = "";
			targets = (
				A6661A9B262EF68800311FDD /* BiqugeViewer */,
			);
		};
/* End PBXProject section */

/* Begin PBXResourcesBuildPhase section */
		A6661A9A262EF68800311FDD /* Resources */ = {
			isa = PBXResourcesBuildPhase;
			buildActionMask = 2147483647;
			files = (
				A6661AAC262EF68A00311FDD /* LaunchScreen.storyboard in Resources */,
				A6661AA9262EF68A00311FDD /* Assets.xcassets in Resources */,
				A6661AA7262EF68900311FDD /* Main.storyboard in Resources */,
			);
			runOnlyForDeploymentPostprocessing = 0;
		};
/* End PBXResourcesBuildPhase section */

/* Begin PBXShellScriptBuildPhase section */
		0ABCDFD39414F265B3213507 /* [CP] Check Pods Manifest.lock */ = {
			isa = PBXShellScriptBuildPhase;
			buildActionMask = 2147483647;
			files = (
			);
			inputFileListPaths = (
			);
			inputPaths = (
				"${PODS_PODFILE_DIR_PATH}/Podfile.lock",
				"${PODS_ROOT}/Manifest.lock",
			);
			name = "[CP] Check Pods Manifest.lock";
			outputFileListPaths = (
			);
			outputPaths = (
				"$(DERIVED_FILE_DIR)/Pods-BiqugeViewer-checkManifestLockResult.txt",
			);
			runOnlyForDeploymentPostprocessing = 0;
			shellPath = /bin/sh;
			shellScript = "diff \"${PODS_PODFILE_DIR_PATH}/Podfile.lock\" \"${PODS_ROOT}/Manifest.lock\" > /dev/null\nif [ $? != 0 ] ; then\n    # print error to STDERR\n    echo \"error: The sandbox is not in sync with the Podfile.lock. Run 'pod install' or update your CocoaPods installation.\" >&2\n    exit 1\nfi\n# This output is used by Xcode 'outputs' to avoid re-running this script phase.\necho \"SUCCESS\" > \"${SCRIPT_OUTPUT_FILE_0}\"\n";
			showEnvVarsInLog = 0;
		};
		6025D403A77C383DED0907C9 /* [CP] Embed Pods Frameworks */ = {
			isa = PBXShellScriptBuildPhase;
			buildActionMask = 2147483647;
			files = (
			);
			inputFileListPaths = (
				"${PODS_ROOT}/Target Support Files/Pods-BiqugeViewer/Pods-BiqugeViewer-frameworks-${CONFIGURATION}-input-files.xcfilelist",
			);
			name = "[CP] Embed Pods Frameworks";
			outputFileListPaths = (
				"${PODS_ROOT}/Target Support Files/Pods-BiqugeViewer/Pods-BiqugeViewer-frameworks-${CONFIGURATION}-output-files.xcfilelist",
			);
			runOnlyForDeploymentPostprocessing = 0;
			shellPath = /bin/sh;
			shellScript = "\"${PODS_ROOT}/Target Support Files/Pods-BiqugeViewer/Pods-BiqugeViewer-frameworks.sh\"\n";
			showEnvVarsInLog = 0;
		};
		A60803FF26326C58005D91FB /* Update Build Number */ = {
			isa = PBXShellScriptBuildPhase;
			buildActionMask = 2147483647;
			files = (
			);
			inputFileListPaths = (
			);
			inputPaths = (
			);
			name = "Update Build Number";
			outputFileListPaths = (
			);
			outputPaths = (
			);
			runOnlyForDeploymentPostprocessing = 0;
			shellPath = /bin/sh;
			shellScript = "version=`/usr/libexec/PlistBuddy -c \"Print CFBundleVersion\" $PRODUCT_SETTINGS_PATH`\nversion=`expr $version + 1`\n/usr/libexec/PlistBuddy -c \"Set :CFBundleVersion $version\" $PRODUCT_SETTINGS_PATH\n#/usr/libexec/PlistBuddy -c \"Set :CFBundleShortVersionString $version\" $PRODUCT_SETTINGS_PATH\n";
		};
/* End PBXShellScriptBuildPhase section */

/* Begin PBXSourcesBuildPhase section */
		A6661A98262EF68800311FDD /* Sources */ = {
			isa = PBXSourcesBuildPhase;
			buildActionMask = 2147483647;
			files = (
				A60804492632C143005D91FB /* BookrackViewController.swift in Sources */,
				A6661AA4262EF68900311FDD /* BookViewController.swift in Sources */,
				A6EF34A0263AD30900A1BC01 /* CangShuWang.swift in Sources */,
				A600189B26303D7E004CA630 /* NavigationController.swift in Sources */,
				A69599C92633FA240092ED55 /* Model.xcdatamodeld in Sources */,
				A600189826302D96004CA630 /* DefaultsProperty.swift in Sources */,
				A61200BB2632CE8E000A351A /* BookItemCell.swift in Sources */,
				A6661AA0262EF68900311FDD /* AppDelegate.swift in Sources */,
				A6EF34A3263BDF5800A1BC01 /* ModelV1_V2.xcmappingmodel in Sources */,
				A6D5C9A2262FEB2F004BC7C1 /* ChapterListViewController.swift in Sources */,
				A6D5C997262F00C1004BC7C1 /* BookContentCell.swift in Sources */,
				A60018A2263040C5004CA630 /* LoadingFooterView.swift in Sources */,
				A6EF349E263AD2E100A1BC01 /* Biquge.swift in Sources */,
				A61200C72632F1FD000A351A /* HomeRecommendCell.swift in Sources */,
				A69599CF2633FAD90092ED55 /* DBUtil.swift in Sources */,
				A608040B2632A645005D91FB /* PresentationAnimator.swift in Sources */,
				A600189F26303E03004CA630 /* ThemeManager.swift in Sources */,
				A6FA117C2634195E00675D5C /* SearchResultCell.swift in Sources */,
				A6DCD5C8263117FD00C7A9F3 /* NovelManager.swift in Sources */,
				A60804082632A601005D91FB /* ChapterPageViewController.swift in Sources */,
				A6D5C9A9262FFC9B004BC7C1 /* ChapterChapterCell.swift in Sources */,
				A6D5C990262EF8F4004BC7C1 /* Book.swift in Sources */,
				A61200C12632D22C000A351A /* SearchViewController.swift in Sources */,
				A6001895263021A5004CA630 /* Theme.swift in Sources */,
				A6DCD5D026312C3B00C7A9F3 /* BookNavigationBar.swift in Sources */,
				A61200BE2632D218000A351A /* RecommendViewController.swift in Sources */,
				A61200C42632EA3A000A351A /* ViewReusable.swift in Sources */,
				A608040E2632ADB9005D91FB /* HomeViewController.swift in Sources */,
				A6DCD5CB2631205E00C7A9F3 /* BookSettingView.swift in Sources */,
				A614AD2F262EF8A900AB9725 /* Network.swift in Sources */,
				A60804112632AF5D005D91FB /* HomeTabBar.swift in Sources */,
				A60803FB26326AD9005D91FB /* BookInfoView.swift in Sources */,
				A6D5C9AD262FFD20004BC7C1 /* Color.swift in Sources */,
			);
			runOnlyForDeploymentPostprocessing = 0;
		};
/* End PBXSourcesBuildPhase section */

/* Begin PBXVariantGroup section */
		A6661AA5262EF68900311FDD /* Main.storyboard */ = {
			isa = PBXVariantGroup;
			children = (
				A6661AA6262EF68900311FDD /* Base */,
			);
			name = Main.storyboard;
			sourceTree = "<group>";
		};
		A6661AAA262EF68A00311FDD /* LaunchScreen.storyboard */ = {
			isa = PBXVariantGroup;
			children = (
				A6661AAB262EF68A00311FDD /* Base */,
			);
			name = LaunchScreen.storyboard;
			sourceTree = "<group>";
		};
/* End PBXVariantGroup section */

/* Begin XCBuildConfiguration section */
		A6661AAE262EF68A00311FDD /* Debug */ = {
			isa = XCBuildConfiguration;
			buildSettings = {
				ALWAYS_SEARCH_USER_PATHS = NO;
				CLANG_ANALYZER_NONNULL = YES;
				CLANG_ANALYZER_NUMBER_OBJECT_CONVERSION = YES_AGGRESSIVE;
				CLANG_CXX_LANGUAGE_STANDARD = "gnu++14";
				CLANG_CXX_LIBRARY = "libc++";
				CLANG_ENABLE_MODULES = YES;
				CLANG_ENABLE_OBJC_ARC = YES;
				CLANG_ENABLE_OBJC_WEAK = YES;
				CLANG_WARN_BLOCK_CAPTURE_AUTORELEASING = YES;
				CLANG_WARN_BOOL_CONVERSION = YES;
				CLANG_WARN_COMMA = YES;
				CLANG_WARN_CONSTANT_CONVERSION = YES;
				CLANG_WARN_DEPRECATED_OBJC_IMPLEMENTATIONS = YES;
				CLANG_WARN_DIRECT_OBJC_ISA_USAGE = YES_ERROR;
				CLANG_WARN_DOCUMENTATION_COMMENTS = YES;
				CLANG_WARN_EMPTY_BODY = YES;
				CLANG_WARN_ENUM_CONVERSION = YES;
				CLANG_WARN_INFINITE_RECURSION = YES;
				CLANG_WARN_INT_CONVERSION = YES;
				CLANG_WARN_NON_LITERAL_NULL_CONVERSION = YES;
				CLANG_WARN_OBJC_IMPLICIT_RETAIN_SELF = YES;
				CLANG_WARN_OBJC_LITERAL_CONVERSION = YES;
				CLANG_WARN_OBJC_ROOT_CLASS = YES_ERROR;
				CLANG_WARN_QUOTED_INCLUDE_IN_FRAMEWORK_HEADER = YES;
				CLANG_WARN_RANGE_LOOP_ANALYSIS = YES;
				CLANG_WARN_STRICT_PROTOTYPES = YES;
				CLANG_WARN_SUSPICIOUS_MOVE = YES;
				CLANG_WARN_UNGUARDED_AVAILABILITY = YES_AGGRESSIVE;
				CLANG_WARN_UNREACHABLE_CODE = YES;
				CLANG_WARN__DUPLICATE_METHOD_MATCH = YES;
				COPY_PHASE_STRIP = NO;
				DEBUG_INFORMATION_FORMAT = dwarf;
				ENABLE_STRICT_OBJC_MSGSEND = YES;
				ENABLE_TESTABILITY = YES;
				GCC_C_LANGUAGE_STANDARD = gnu11;
				GCC_DYNAMIC_NO_PIC = NO;
				GCC_NO_COMMON_BLOCKS = YES;
				GCC_OPTIMIZATION_LEVEL = 0;
				GCC_PREPROCESSOR_DEFINITIONS = (
					"DEBUG=1",
					"$(inherited)",
				);
				GCC_WARN_64_TO_32_BIT_CONVERSION = YES;
				GCC_WARN_ABOUT_RETURN_TYPE = YES_ERROR;
				GCC_WARN_UNDECLARED_SELECTOR = YES;
				GCC_WARN_UNINITIALIZED_AUTOS = YES_AGGRESSIVE;
				GCC_WARN_UNUSED_FUNCTION = YES;
				GCC_WARN_UNUSED_VARIABLE = YES;
				IPHONEOS_DEPLOYMENT_TARGET = 14.4;
				MTL_ENABLE_DEBUG_INFO = INCLUDE_SOURCE;
				MTL_FAST_MATH = YES;
				ONLY_ACTIVE_ARCH = YES;
				SDKROOT = iphoneos;
				SWIFT_ACTIVE_COMPILATION_CONDITIONS = DEBUG;
				SWIFT_OPTIMIZATION_LEVEL = "-Onone";
			};
			name = Debug;
		};
		A6661AAF262EF68A00311FDD /* Release */ = {
			isa = XCBuildConfiguration;
			buildSettings = {
				ALWAYS_SEARCH_USER_PATHS = NO;
				CLANG_ANALYZER_NONNULL = YES;
				CLANG_ANALYZER_NUMBER_OBJECT_CONVERSION = YES_AGGRESSIVE;
				CLANG_CXX_LANGUAGE_STANDARD = "gnu++14";
				CLANG_CXX_LIBRARY = "libc++";
				CLANG_ENABLE_MODULES = YES;
				CLANG_ENABLE_OBJC_ARC = YES;
				CLANG_ENABLE_OBJC_WEAK = YES;
				CLANG_WARN_BLOCK_CAPTURE_AUTORELEASING = YES;
				CLANG_WARN_BOOL_CONVERSION = YES;
				CLANG_WARN_COMMA = YES;
				CLANG_WARN_CONSTANT_CONVERSION = YES;
				CLANG_WARN_DEPRECATED_OBJC_IMPLEMENTATIONS = YES;
				CLANG_WARN_DIRECT_OBJC_ISA_USAGE = YES_ERROR;
				CLANG_WARN_DOCUMENTATION_COMMENTS = YES;
				CLANG_WARN_EMPTY_BODY = YES;
				CLANG_WARN_ENUM_CONVERSION = YES;
				CLANG_WARN_INFINITE_RECURSION = YES;
				CLANG_WARN_INT_CONVERSION = YES;
				CLANG_WARN_NON_LITERAL_NULL_CONVERSION = YES;
				CLANG_WARN_OBJC_IMPLICIT_RETAIN_SELF = YES;
				CLANG_WARN_OBJC_LITERAL_CONVERSION = YES;
				CLANG_WARN_OBJC_ROOT_CLASS = YES_ERROR;
				CLANG_WARN_QUOTED_INCLUDE_IN_FRAMEWORK_HEADER = YES;
				CLANG_WARN_RANGE_LOOP_ANALYSIS = YES;
				CLANG_WARN_STRICT_PROTOTYPES = YES;
				CLANG_WARN_SUSPICIOUS_MOVE = YES;
				CLANG_WARN_UNGUARDED_AVAILABILITY = YES_AGGRESSIVE;
				CLANG_WARN_UNREACHABLE_CODE = YES;
				CLANG_WARN__DUPLICATE_METHOD_MATCH = YES;
				COPY_PHASE_STRIP = NO;
				DEBUG_INFORMATION_FORMAT = "dwarf-with-dsym";
				ENABLE_NS_ASSERTIONS = NO;
				ENABLE_STRICT_OBJC_MSGSEND = YES;
				GCC_C_LANGUAGE_STANDARD = gnu11;
				GCC_NO_COMMON_BLOCKS = YES;
				GCC_WARN_64_TO_32_BIT_CONVERSION = YES;
				GCC_WARN_ABOUT_RETURN_TYPE = YES_ERROR;
				GCC_WARN_UNDECLARED_SELECTOR = YES;
				GCC_WARN_UNINITIALIZED_AUTOS = YES_AGGRESSIVE;
				GCC_WARN_UNUSED_FUNCTION = YES;
				GCC_WARN_UNUSED_VARIABLE = YES;
				IPHONEOS_DEPLOYMENT_TARGET = 14.4;
				MTL_ENABLE_DEBUG_INFO = NO;
				MTL_FAST_MATH = YES;
				SDKROOT = iphoneos;
				SWIFT_COMPILATION_MODE = wholemodule;
				SWIFT_OPTIMIZATION_LEVEL = "-O";
				VALIDATE_PRODUCT = YES;
			};
			name = Release;
		};
		A6661AB1262EF68A00311FDD /* Debug */ = {
			isa = XCBuildConfiguration;
			baseConfigurationReference = 49C733944128DA67AC955AAE /* Pods-BiqugeViewer.debug.xcconfig */;
			buildSettings = {
				ASSETCATALOG_COMPILER_APPICON_NAME = AppIcon;
				ASSETCATALOG_COMPILER_GLOBAL_ACCENT_COLOR_NAME = AccentColor;
				CODE_SIGN_STYLE = Automatic;
				CURRENT_PROJECT_VERSION = 123;
				DEVELOPMENT_TEAM = 77M64ZZJGP;
				INFOPLIST_FILE = BiqugeViewer/Info.plist;
				IPHONEOS_DEPLOYMENT_TARGET = 13.0;
				LD_RUNPATH_SEARCH_PATHS = (
					"$(inherited)",
					"@executable_path/Frameworks",
				);
				MARKETING_VERSION = 1.0.0;
				PRODUCT_BUNDLE_IDENTIFIER = com.flykite.BiqugeViewer;
				PRODUCT_NAME = "$(TARGET_NAME)";
				SWIFT_VERSION = 5.0;
				TARGETED_DEVICE_FAMILY = 1;
			};
			name = Debug;
		};
		A6661AB2262EF68A00311FDD /* Release */ = {
			isa = XCBuildConfiguration;
			baseConfigurationReference = BFA0FACA4A1476FAF4F018BC /* Pods-BiqugeViewer.release.xcconfig */;
			buildSettings = {
				ASSETCATALOG_COMPILER_APPICON_NAME = AppIcon;
				ASSETCATALOG_COMPILER_GLOBAL_ACCENT_COLOR_NAME = AccentColor;
				CODE_SIGN_STYLE = Automatic;
				CURRENT_PROJECT_VERSION = 123;
				DEVELOPMENT_TEAM = 77M64ZZJGP;
				INFOPLIST_FILE = BiqugeViewer/Info.plist;
				IPHONEOS_DEPLOYMENT_TARGET = 13.0;
				LD_RUNPATH_SEARCH_PATHS = (
					"$(inherited)",
					"@executable_path/Frameworks",
				);
				MARKETING_VERSION = 1.0.0;
				PRODUCT_BUNDLE_IDENTIFIER = com.flykite.BiqugeViewer;
				PRODUCT_NAME = "$(TARGET_NAME)";
				SWIFT_VERSION = 5.0;
				TARGETED_DEVICE_FAMILY = 1;
			};
			name = Release;
		};
/* End XCBuildConfiguration section */

/* Begin XCConfigurationList section */
		A6661A97262EF68800311FDD /* Build configuration list for PBXProject "BiqugeViewer" */ = {
			isa = XCConfigurationList;
			buildConfigurations = (
				A6661AAE262EF68A00311FDD /* Debug */,
				A6661AAF262EF68A00311FDD /* Release */,
			);
			defaultConfigurationIsVisible = 0;
			defaultConfigurationName = Release;
		};
		A6661AB0262EF68A00311FDD /* Build configuration list for PBXNativeTarget "BiqugeViewer" */ = {
			isa = XCConfigurationList;
			buildConfigurations = (
				A6661AB1262EF68A00311FDD /* Debug */,
				A6661AB2262EF68A00311FDD /* Release */,
			);
			defaultConfigurationIsVisible = 0;
			defaultConfigurationName = Release;
		};
/* End XCConfigurationList section */

/* Begin XCVersionGroup section */
		A69599C72633FA240092ED55 /* Model.xcdatamodeld */ = {
			isa = XCVersionGroup;
			children = (
				A6EF34A1263BDEDE00A1BC01 /* Model 2.xcdatamodel */,
				A69599C82633FA240092ED55 /* Model.xcdatamodel */,
			);
			currentVersion = A6EF34A1263BDEDE00A1BC01 /* Model 2.xcdatamodel */;
			path = Model.xcdatamodeld;
			sourceTree = "<group>";
			versionGroupType = wrapper.xcdatamodel;
		};
/* End XCVersionGroup section */
	};
	rootObject = A6661A94262EF68800311FDD /* Project object */;
}
